// !$*UTF8*$!
{
	archiveVersion = 1;
	classes = {
	};
	objectVersion = 46;
	objects = {

/* Begin PBXBuildFile section */
		E9A74D8B1B7897090051069D /* AppDelegate.swift in Sources */ = {isa = PBXBuildFile; fileRef = E9A74D8A1B7897090051069D /* AppDelegate.swift */; };
		E9A74D8D1B7897090051069D /* ViewController.swift in Sources */ = {isa = PBXBuildFile; fileRef = E9A74D8C1B7897090051069D /* ViewController.swift */; };
		E9A74D901B7897090051069D /* Main.storyboard in Resources */ = {isa = PBXBuildFile; fileRef = E9A74D8E1B7897090051069D /* Main.storyboard */; };
		E9A74D921B7897090051069D /* Images.xcassets in Resources */ = {isa = PBXBuildFile; fileRef = E9A74D911B7897090051069D /* Images.xcassets */; };
		E9A74D951B7897090051069D /* LaunchScreen.xib in Resources */ = {isa = PBXBuildFile; fileRef = E9A74D931B7897090051069D /* LaunchScreen.xib */; };
		E9A74DA11B7897090051069D /* CheckBoxTests.swift in Sources */ = {isa = PBXBuildFile; fileRef = E9A74DA01B7897090051069D /* CheckBoxTests.swift */; };
		E9A74DAB1B78984C0051069D /* UICheckbox.swift in Sources */ = {isa = PBXBuildFile; fileRef = E9A74DAA1B78984C0051069D /* UICheckbox.swift */; };
/* End PBXBuildFile section */

/* Begin PBXContainerItemProxy section */
		E9A74D9B1B7897090051069D /* PBXContainerItemProxy */ = {
			isa = PBXContainerItemProxy;
			containerPortal = E9A74D7D1B7897090051069D /* Project object */;
			proxyType = 1;
			remoteGlobalIDString = E9A74D841B7897090051069D;
			remoteInfo = CheckBox;
		};
/* End PBXContainerItemProxy section */

/* Begin PBXFileReference section */
		E9A74D851B7897090051069D /* CheckBox.app */ = {isa = PBXFileReference; explicitFileType = wrapper.application; includeInIndex = 0; path = CheckBox.app; sourceTree = BUILT_PRODUCTS_DIR; };
		E9A74D891B7897090051069D /* Info.plist */ = {isa = PBXFileReference; lastKnownFileType = text.plist.xml; path = Info.plist; sourceTree = "<group>"; };
		E9A74D8A1B7897090051069D /* AppDelegate.swift */ = {isa = PBXFileReference; lastKnownFileType = sourcecode.swift; path = AppDelegate.swift; sourceTree = "<group>"; };
		E9A74D8C1B7897090051069D /* ViewController.swift */ = {isa = PBXFileReference; lastKnownFileType = sourcecode.swift; path = ViewController.swift; sourceTree = "<group>"; };
		E9A74D8F1B7897090051069D /* Base */ = {isa = PBXFileReference; lastKnownFileType = file.storyboard; name = Base; path = Base.lproj/Main.storyboard; sourceTree = "<group>"; };
		E9A74D911B7897090051069D /* Images.xcassets */ = {isa = PBXFileReference; lastKnownFileType = folder.assetcatalog; path = Images.xcassets; sourceTree = "<group>"; };
		E9A74D941B7897090051069D /* Base */ = {isa = PBXFileReference; lastKnownFileType = file.xib; name = Base; path = Base.lproj/LaunchScreen.xib; sourceTree = "<group>"; };
		E9A74D9A1B7897090051069D /* CheckBoxTests.xctest */ = {isa = PBXFileReference; explicitFileType = wrapper.cfbundle; includeInIndex = 0; path = CheckBoxTests.xctest; sourceTree = BUILT_PRODUCTS_DIR; };
		E9A74D9F1B7897090051069D /* Info.plist */ = {isa = PBXFileReference; lastKnownFileType = text.plist.xml; path = Info.plist; sourceTree = "<group>"; };
		E9A74DA01B7897090051069D /* CheckBoxTests.swift */ = {isa = PBXFileReference; lastKnownFileType = sourcecode.swift; path = CheckBoxTests.swift; sourceTree = "<group>"; };
		E9A74DAA1B78984C0051069D /* UICheckbox.swift */ = {isa = PBXFileReference; fileEncoding = 4; lastKnownFileType = sourcecode.swift; path = UICheckbox.swift; sourceTree = "<group>"; };
/* End PBXFileReference section */

/* Begin PBXFrameworksBuildPhase section */
		E9A74D821B7897090051069D /* Frameworks */ = {
			isa = PBXFrameworksBuildPhase;
			buildActionMask = 2147483647;
			files = (
			);
			runOnlyForDeploymentPostprocessing = 0;
		};
		E9A74D971B7897090051069D /* Frameworks */ = {
			isa = PBXFrameworksBuildPhase;
			buildActionMask = 2147483647;
			files = (
			);
			runOnlyForDeploymentPostprocessing = 0;
		};
/* End PBXFrameworksBuildPhase section */

/* Begin PBXGroup section */
		E9A74D7C1B7897090051069D = {
			isa = PBXGroup;
			children = (
				E9A74D871B7897090051069D /* CheckBox */,
				E9A74D9D1B7897090051069D /* CheckBoxTests */,
				E9A74D861B7897090051069D /* Products */,
			);
			sourceTree = "<group>";
		};
		E9A74D861B7897090051069D /* Products */ = {
			isa = PBXGroup;
			children = (
				E9A74D851B7897090051069D /* CheckBox.app */,
				E9A74D9A1B7897090051069D /* CheckBoxTests.xctest */,
			);
			name = Products;
			sourceTree = "<group>";
		};
		E9A74D871B7897090051069D /* CheckBox */ = {
			isa = PBXGroup;
			children = (
				E9A74D8A1B7897090051069D /* AppDelegate.swift */,
				E9A74D8C1B7897090051069D /* ViewController.swift */,
				E9A74DAA1B78984C0051069D /* UICheckbox.swift */,
				E9A74D8E1B7897090051069D /* Main.storyboard */,
				E9A74D911B7897090051069D /* Images.xcassets */,
				E9A74D931B7897090051069D /* LaunchScreen.xib */,
				E9A74D881B7897090051069D /* Supporting Files */,
			);
			path = CheckBox;
			sourceTree = "<group>";
		};
		E9A74D881B7897090051069D /* Supporting Files */ = {
			isa = PBXGroup;
			children = (
				E9A74D891B7897090051069D /* Info.plist */,
			);
			name = "Supporting Files";
			sourceTree = "<group>";
		};
		E9A74D9D1B7897090051069D /* CheckBoxTests */ = {
			isa = PBXGroup;
			children = (
				E9A74DA01B7897090051069D /* CheckBoxTests.swift */,
				E9A74D9E1B7897090051069D /* Supporting Files */,
			);
			path = CheckBoxTests;
			sourceTree = "<group>";
		};
		E9A74D9E1B7897090051069D /* Supporting Files */ = {
			isa = PBXGroup;
			children = (
				E9A74D9F1B7897090051069D /* Info.plist */,
			);
			name = "Supporting Files";
			sourceTree = "<group>";
		};
/* End PBXGroup section */

/* Begin PBXNativeTarget section */
		E9A74D841B7897090051069D /* CheckBox */ = {
			isa = PBXNativeTarget;
			buildConfigurationList = E9A74DA41B7897090051069D /* Build configuration list for PBXNativeTarget "CheckBox" */;
			buildPhases = (
				E9A74D811B7897090051069D /* Sources */,
				E9A74D821B7897090051069D /* Frameworks */,
				E9A74D831B7897090051069D /* Resources */,
			);
			buildRules = (
			);
			dependencies = (
			);
			name = CheckBox;
			productName = CheckBox;
			productReference = E9A74D851B7897090051069D /* CheckBox.app */;
			productType = "com.apple.product-type.application";
		};
		E9A74D991B7897090051069D /* CheckBoxTests */ = {
			isa = PBXNativeTarget;
			buildConfigurationList = E9A74DA71B7897090051069D /* Build configuration list for PBXNativeTarget "CheckBoxTests" */;
			buildPhases = (
				E9A74D961B7897090051069D /* Sources */,
				E9A74D971B7897090051069D /* Frameworks */,
				E9A74D981B7897090051069D /* Resources */,
			);
			buildRules = (
			);
			dependencies = (
				E9A74D9C1B7897090051069D /* PBXTargetDependency */,
			);
			name = CheckBoxTests;
			productName = CheckBoxTests;
			productReference = E9A74D9A1B7897090051069D /* CheckBoxTests.xctest */;
			productType = "com.apple.product-type.bundle.unit-test";
		};
/* End PBXNativeTarget section */

/* Begin PBXProject section */
		E9A74D7D1B7897090051069D /* Project object */ = {
			isa = PBXProject;
			attributes = {
				LastUpgradeCheck = 0640;
				ORGANIZATIONNAME = "周泽勇";
				TargetAttributes = {
					E9A74D841B7897090051069D = {
						CreatedOnToolsVersion = 6.4;
					};
					E9A74D991B7897090051069D = {
						CreatedOnToolsVersion = 6.4;
						TestTargetID = E9A74D841B7897090051069D;
					};
				};
			};
			buildConfigurationList = E9A74D801B7897090051069D /* Build configuration list for PBXProject "CheckBox" */;
			compatibilityVersion = "Xcode 3.2";
			developmentRegion = English;
			hasScannedForEncodings = 0;
			knownRegions = (
				en,
				Base,
			);
			mainGroup = E9A74D7C1B7897090051069D;
			productRefGroup = E9A74D861B7897090051069D /* Products */;
			projectDirPath = "";
			projectRoot = "";
			targets = (
				E9A74D841B7897090051069D /* CheckBox */,
				E9A74D991B7897090051069D /* CheckBoxTests */,
			);
		};
/* End PBXProject section */

/* Begin PBXResourcesBuildPhase section */
		E9A74D831B7897090051069D /* Resources */ = {
			isa = PBXResourcesBuildPhase;
			buildActionMask = 2147483647;
			files = (
				E9A74D901B7897090051069D /* Main.storyboard in Resources */,
				E9A74D951B7897090051069D /* LaunchScreen.xib in Resources */,
				E9A74D921B7897090051069D /* Images.xcassets in Resources */,
			);
			runOnlyForDeploymentPostprocessing = 0;
		};
		E9A74D981B7897090051069D /* Resources */ = {
			isa = PBXResourcesBuildPhase;
			buildActionMask = 2147483647;
			files = (
			);
			runOnlyForDeploymentPostprocessing = 0;
		};
/* End PBXResourcesBuildPhase section */

/* Begin PBXSourcesBuildPhase section */
		E9A74D811B7897090051069D /* Sources */ = {
			isa = PBXSourcesBuildPhase;
			buildActionMask = 2147483647;
			files = (
				E9A74DAB1B78984C0051069D /* UICheckbox.swift in Sources */,
				E9A74D8D1B7897090051069D /* ViewController.swift in Sources */,
				E9A74D8B1B7897090051069D /* AppDelegate.swift in Sources */,
			);
			runOnlyForDeploymentPostprocessing = 0;
		};
		E9A74D961B7897090051069D /* Sources */ = {
			isa = PBXSourcesBuildPhase;
			buildActionMask = 2147483647;
			files = (
				E9A74DA11B7897090051069D /* CheckBoxTests.swift in Sources */,
			);
			runOnlyForDeploymentPostprocessing = 0;
		};
/* End PBXSourcesBuildPhase section */

/* Begin PBXTargetDependency section */
		E9A74D9C1B7897090051069D /* PBXTargetDependency */ = {
			isa = PBXTargetDependency;
			target = E9A74D841B7897090051069D /* CheckBox */;
			targetProxy = E9A74D9B1B7897090051069D /* PBXContainerItemProxy */;
		};
/* End PBXTargetDependency section */

/* Begin PBXVariantGroup section */
		E9A74D8E1B7897090051069D /* Main.storyboard */ = {
			isa = PBXVariantGroup;
			children = (
				E9A74D8F1B7897090051069D /* Base */,
			);
			name = Main.storyboard;
			sourceTree = "<group>";
		};
		E9A74D931B7897090051069D /* LaunchScreen.xib */ = {
			isa = PBXVariantGroup;
			children = (
				E9A74D941B7897090051069D /* Base */,
			);
			name = LaunchScreen.xib;
			sourceTree = "<group>";
		};
/* End PBXVariantGroup section */

/* Begin XCBuildConfiguration section */
		E9A74DA21B7897090051069D /* Debug */ = {
			isa = XCBuildConfiguration;
			buildSettings = {
				ALWAYS_SEARCH_USER_PATHS = NO;
				CLANG_CXX_LANGUAGE_STANDARD = "gnu++0x";
				CLANG_CXX_LIBRARY = "libc++";
				CLANG_ENABLE_MODULES = YES;
				CLANG_ENABLE_OBJC_ARC = YES;
				CLANG_WARN_BOOL_CONVERSION = YES;
				CLANG_WARN_CONSTANT_CONVERSION = YES;
				CLANG_WARN_DIRECT_OBJC_ISA_USAGE = YES_ERROR;
				CLANG_WARN_EMPTY_BODY = YES;
				CLANG_WARN_ENUM_CONVERSION = YES;
				CLANG_WARN_INT_CONVERSION = YES;
				CLANG_WARN_OBJC_ROOT_CLASS = YES_ERROR;
				CLANG_WARN_UNREACHABLE_CODE = YES;
				CLANG_WARN__DUPLICATE_METHOD_MATCH = YES;
				"CODE_SIGN_IDENTITY[sdk=iphoneos*]" = "iPhone Developer";
				COPY_PHASE_STRIP = NO;
				DEBUG_INFORMATION_FORMAT = "dwarf-with-dsym";
				ENABLE_STRICT_OBJC_MSGSEND = YES;
				GCC_C_LANGUAGE_STANDARD = gnu99;
				GCC_DYNAMIC_NO_PIC = NO;
				GCC_NO_COMMON_BLOCKS = YES;
				GCC_OPTIMIZATION_LEVEL = 0;
				GCC_PREPROCESSOR_DEFINITIONS = (
					"DEBUG=1",
					"$(inherited)",
				);
				GCC_SYMBOLS_PRIVATE_EXTERN = NO;
				GCC_WARN_64_TO_32_BIT_CONVERSION = YES;
				GCC_WARN_ABOUT_RETURN_TYPE = YES_ERROR;
				GCC_WARN_UNDECLARED_SELECTOR = YES;
				GCC_WARN_UNINITIALIZED_AUTOS = YES_AGGRESSIVE;
				GCC_WARN_UNUSED_FUNCTION = YES;
				GCC_WARN_UNUSED_VARIABLE = YES;
				IPHONEOS_DEPLOYMENT_TARGET = 8.4;
				MTL_ENABLE_DEBUG_INFO = YES;
				ONLY_ACTIVE_ARCH = YES;
				SDKROOT = iphoneos;
				SWIFT_OPTIMIZATION_LEVEL = "-Onone";
				TARGETED_DEVICE_FAMILY = "1,2";
			};
			name = Debug;
		};
		E9A74DA31B7897090051069D /* Release */ = {
			isa = XCBuildConfiguration;
			buildSettings = {
				ALWAYS_SEARCH_USER_PATHS = NO;
				CLANG_CXX_LANGUAGE_STANDARD = "gnu++0x";
				CLANG_CXX_LIBRARY = "libc++";
				CLANG_ENABLE_MODULES = YES;
				CLANG_ENABLE_OBJC_ARC = YES;
				CLANG_WARN_BOOL_CONVERSION = YES;
				CLANG_WARN_CONSTANT_CONVERSION = YES;
				CLANG_WARN_DIRECT_OBJC_ISA_USAGE = YES_ERROR;
				CLANG_WARN_EMPTY_BODY = YES;
				CLANG_WARN_ENUM_CONVERSION = YES;
				CLANG_WARN_INT_CONVERSION = YES;
				CLANG_WARN_OBJC_ROOT_CLASS = YES_ERROR;
				CLANG_WARN_UNREACHABLE_CODE = YES;
				CLANG_WARN__DUPLICATE_METHOD_MATCH = YES;
				"CODE_SIGN_IDENTITY[sdk=iphoneos*]" = "iPhone Developer";
				COPY_PHASE_STRIP = NO;
				DEBUG_INFORMATION_FORMAT = "dwarf-with-dsym";
				ENABLE_NS_ASSERTIONS = NO;
				ENABLE_STRICT_OBJC_MSGSEND = YES;
				GCC_C_LANGUAGE_STANDARD = gnu99;
				GCC_NO_COMMON_BLOCKS = YES;
				GCC_WARN_64_TO_32_BIT_CONVERSION = YES;
				GCC_WARN_ABOUT_RETURN_TYPE = YES_ERROR;
				GCC_WARN_UNDECLARED_SELECTOR = YES;
				GCC_WARN_UNINITIALIZED_AUTOS = YES_AGGRESSIVE;
				GCC_WARN_UNUSED_FUNCTION = YES;
				GCC_WARN_UNUSED_VARIABLE = YES;
				IPHONEOS_DEPLOYMENT_TARGET = 8.4;
				MTL_ENABLE_DEBUG_INFO = NO;
				SDKROOT = iphoneos;
				TARGETED_DEVICE_FAMILY = "1,2";
				VALIDATE_PRODUCT = YES;
			};
			name = Release;
		};
		E9A74DA51B7897090051069D /* Debug */ = {
			isa = XCBuildConfiguration;
			buildSettings = {
				ASSETCATALOG_COMPILER_APPICON_NAME = AppIcon;
				INFOPLIST_FILE = CheckBox/Info.plist;
				LD_RUNPATH_SEARCH_PATHS = "$(inherited) @executable_path/Frameworks";
				PRODUCT_NAME = "$(TARGET_NAME)";
			};
			name = Debug;
		};
		E9A74DA61B7897090051069D /* Release */ = {
			isa = XCBuildConfiguration;
			buildSettings = {
				ASSETCATALOG_COMPILER_APPICON_NAME = AppIcon;
				INFOPLIST_FILE = CheckBox/Info.plist;
				LD_RUNPATH_SEARCH_PATHS = "$(inherited) @executable_path/Frameworks";
				PRODUCT_NAME = "$(TARGET_NAME)";
			};
			name = Release;
		};
		E9A74DA81B7897090051069D /* Debug */ = {
			isa = XCBuildConfiguration;
			buildSettings = {
				BUNDLE_LOADER = "$(TEST_HOST)";
				FRAMEWORK_SEARCH_PATHS = (
					"$(SDKROOT)/Developer/Library/Frameworks",
					"$(inherited)",
				);
				GCC_PREPROCESSOR_DEFINITIONS = (
					"DEBUG=1",
					"$(inherited)",
				);
				INFOPLIST_FILE = CheckBoxTests/Info.plist;
				LD_RUNPATH_SEARCH_PATHS = "$(inherited) @executable_path/Frameworks @loader_path/Frameworks";
				PRODUCT_NAME = "$(TARGET_NAME)";
				TEST_HOST = "$(BUILT_PRODUCTS_DIR)/CheckBox.app/CheckBox";
			};
			name = Debug;
		};
		E9A74DA91B7897090051069D /* Release */ = {
			isa = XCBuildConfiguration;
			buildSettings = {
				BUNDLE_LOADER = "$(TEST_HOST)";
				FRAMEWORK_SEARCH_PATHS = (
					"$(SDKROOT)/Developer/Library/Frameworks",
					"$(inherited)",
				);
				INFOPLIST_FILE = CheckBoxTests/Info.plist;
				LD_RUNPATH_SEARCH_PATHS = "$(inherited) @executable_path/Frameworks @loader_path/Frameworks";
				PRODUCT_NAME = "$(TARGET_NAME)";
				TEST_HOST = "$(BUILT_PRODUCTS_DIR)/CheckBox.app/CheckBox";
			};
			name = Release;
		};
/* End XCBuildConfiguration section */

/* Begin XCConfigurationList section */
		E9A74D801B7897090051069D /* Build configuration list for PBXProject "CheckBox" */ = {
			isa = XCConfigurationList;
			buildConfigurations = (
				E9A74DA21B7897090051069D /* Debug */,
				E9A74DA31B7897090051069D /* Release */,
			);
			defaultConfigurationIsVisible = 0;
			defaultConfigurationName = Release;
		};
		E9A74DA41B7897090051069D /* Build configuration list for PBXNativeTarget "CheckBox" */ = {
			isa = XCConfigurationList;
			buildConfigurations = (
				E9A74DA51B7897090051069D /* Debug */,
				E9A74DA61B7897090051069D /* Release */,
			);
			defaultConfigurationIsVisible = 0;
		};
		E9A74DA71B7897090051069D /* Build configuration list for PBXNativeTarget "CheckBoxTests" */ = {
			isa = XCConfigurationList;
			buildConfigurations = (
				E9A74DA81B7897090051069D /* Debug */,
				E9A74DA91B7897090051069D /* Release */,
			);
			defaultConfigurationIsVisible = 0;
		};
/* End XCConfigurationList section */
	};
	rootObject = E9A74D7D1B7897090051069D /* Project object */;
}
